
Microsoft Visual Studio Solution File, Format Version 12.00
# Visual Studio Version 17
VisualStudioVersion = 17.9.34607.119
MinimumVisualStudioVersion = 10.0.40219.1
Project("{FAE04EC0-301F-11D3-BF4B-00C04F79EFBC}") = "API", "API\API.csproj", "{935C0434-0DD9-4DDB-A454-74D6D5CA3970}"
EndProject
Global
	GlobalSection(SolutionConfigurationPlatforms) = preSolution
		Debug|Any CPU = Debug|Any CPU
		Release|Any CPU = Release|Any CPU
	EndGlobalSection
	GlobalSection(ProjectConfigurationPlatforms) = postSolution
		{935C0434-0DD9-4DDB-A454-74D6D5CA3970}.Debug|Any CPU.ActiveCfg = Debug|Any CPU
		{935C0434-0DD9-4DDB-A454-74D6D5CA3970}.Debug|Any CPU.Build.0 = Debug|Any CPU
		{935C0434-0DD9-4DDB-A454-74D6D5CA3970}.Release|Any CPU.ActiveCfg = Release|Any CPU
		{935C0434-0DD9-4DDB-A454-74D6D5CA3970}.Release|Any CPU.Build.0 = Release|Any CPU
	EndGlobalSection
	GlobalSection(SolutionProperties) = preSolution
		HideSolutionNode = FALSE
	EndGlobalSection
	GlobalSection(ExtensibilityGlobals) = postSolution
		SolutionGuid = {49D2F825-CDFF-44B5-8C80-B265D22DBC36}
	EndGlobalSection
EndGlobal
